
Microsoft Visual Studio Solution File, Format Version 12.00
# Visual Studio Version 16
VisualStudioVersion = 16.0.29009.5
MinimumVisualStudioVersion = 10.0.40219.1
Project("{9A19103F-16F7-4668-BE54-9A1E7A4F7556}") = "MakingSense.Blogging.WebAPI", "MakingSense.Blogging.WebAPI\MakingSense.Blogging.WebAPI.csproj", "{5AC3E523-9BE8-4BA7-AA03-0C6F24BA3F5F}"
EndProject
Project("{FAE04EC0-301F-11D3-BF4B-00C04F79EFBC}") = "MakingSense.Blogging.Test", "MakingSense.Blogging.Test\MakingSense.Blogging.Test.csproj", "{49B5FE3D-F528-4AE1-9D66-C6F2F3643DF1}"
EndProject
Global
	GlobalSection(SolutionConfigurationPlatforms) = preSolution
		Debug|Any CPU = Debug|Any CPU
		Release|Any CPU = Release|Any CPU
	EndGlobalSection
	GlobalSection(ProjectConfigurationPlatforms) = postSolution
		{5AC3E523-9BE8-4BA7-AA03-0C6F24BA3F5F}.Debug|Any CPU.ActiveCfg = Debug|Any CPU
		{5AC3E523-9BE8-4BA7-AA03-0C6F24BA3F5F}.Debug|Any CPU.Build.0 = Debug|Any CPU
		{5AC3E523-9BE8-4BA7-AA03-0C6F24BA3F5F}.Release|Any CPU.ActiveCfg = Release|Any CPU
		{5AC3E523-9BE8-4BA7-AA03-0C6F24BA3F5F}.Release|Any CPU.Build.0 = Release|Any CPU
		{49B5FE3D-F528-4AE1-9D66-C6F2F3643DF1}.Debug|Any CPU.ActiveCfg = Debug|Any CPU
		{49B5FE3D-F528-4AE1-9D66-C6F2F3643DF1}.Debug|Any CPU.Build.0 = Debug|Any CPU
		{49B5FE3D-F528-4AE1-9D66-C6F2F3643DF1}.Release|Any CPU.ActiveCfg = Release|Any CPU
		{49B5FE3D-F528-4AE1-9D66-C6F2F3643DF1}.Release|Any CPU.Build.0 = Release|Any CPU
	EndGlobalSection
	GlobalSection(SolutionProperties) = preSolution
		HideSolutionNode = FALSE
	EndGlobalSection
	GlobalSection(ExtensibilityGlobals) = postSolution
		SolutionGuid = {D6EB6F57-C1E7-42B5-B826-77FB20CA7A08}
	EndGlobalSection
EndGlobal
